
Microsoft Visual Studio Solution File, Format Version 12.00
# Visual Studio Version 17
VisualStudioVersion = 17.8.34330.188
MinimumVisualStudioVersion = 10.0.40219.1
Project("{FAE04EC0-301F-11D3-BF4B-00C04F79EFBC}") = "Assignment_08", "Assignment_08\Assignment_08.csproj", "{80410ACD-059F-47D3-B6DC-6148C9AA4234}"
EndProject
Global
	GlobalSection(SolutionConfigurationPlatforms) = preSolution
		Debug|Any CPU = Debug|Any CPU
		Release|Any CPU = Release|Any CPU
	EndGlobalSection
	GlobalSection(ProjectConfigurationPlatforms) = postSolution
		{80410ACD-059F-47D3-B6DC-6148C9AA4234}.Debug|Any CPU.ActiveCfg = Debug|Any CPU
		{80410ACD-059F-47D3-B6DC-6148C9AA4234}.Debug|Any CPU.Build.0 = Debug|Any CPU
		{80410ACD-059F-47D3-B6DC-6148C9AA4234}.Release|Any CPU.ActiveCfg = Release|Any CPU
		{80410ACD-059F-47D3-B6DC-6148C9AA4234}.Release|Any CPU.Build.0 = Release|Any CPU
	EndGlobalSection
	GlobalSection(SolutionProperties) = preSolution
		HideSolutionNode = FALSE
	EndGlobalSection
	GlobalSection(ExtensibilityGlobals) = postSolution
		SolutionGuid = {CC9F1DCF-39C3-4E05-AD7A-FA1A1D8C5075}
	EndGlobalSection
EndGlobal
